
Microsoft Visual Studio Solution File, Format Version 12.00
# Visual Studio 15
VisualStudioVersion = 15.0.28010.2016
MinimumVisualStudioVersion = 10.0.40219.1
Project("{FAE04EC0-301F-11D3-BF4B-00C04F79EFBC}") = "Slovnyk", "Slovnyk\Slovnyk.csproj", "{C296F519-D874-4EA7-B11F-9DA1A0611882}"
EndProject
Global
	GlobalSection(SolutionConfigurationPlatforms) = preSolution
		Debug|Any CPU = Debug|Any CPU
		Release|Any CPU = Release|Any CPU
	EndGlobalSection
	GlobalSection(ProjectConfigurationPlatforms) = postSolution
		{C296F519-D874-4EA7-B11F-9DA1A0611882}.Debug|Any CPU.ActiveCfg = Debug|Any CPU
		{C296F519-D874-4EA7-B11F-9DA1A0611882}.Debug|Any CPU.Build.0 = Debug|Any CPU
		{C296F519-D874-4EA7-B11F-9DA1A0611882}.Release|Any CPU.ActiveCfg = Release|Any CPU
		{C296F519-D874-4EA7-B11F-9DA1A0611882}.Release|Any CPU.Build.0 = Release|Any CPU
	EndGlobalSection
	GlobalSection(SolutionProperties) = preSolution
		HideSolutionNode = FALSE
	EndGlobalSection
	GlobalSection(ExtensibilityGlobals) = postSolution
		SolutionGuid = {7B70AD04-F376-4220-863B-159AEA9B57F1}
	EndGlobalSection
EndGlobal
